// !$*UTF8*$!
{
	archiveVersion = 1;
	classes = {
	};
	objectVersion = 55;
	objects = {

/* Begin PBXBuildFile section */
		4349E22A283029EB0072B2B1 /* HackHillsEmApp.swift in Sources */ = {isa = PBXBuildFile; fileRef = 4349E229283029EB0072B2B1 /* HackHillsEmApp.swift */; };
		4349E22C283029EB0072B2B1 /* ContentView.swift in Sources */ = {isa = PBXBuildFile; fileRef = 4349E22B283029EB0072B2B1 /* ContentView.swift */; };
		4349E22E283029EB0072B2B1 /* Assets.xcassets in Resources */ = {isa = PBXBuildFile; fileRef = 4349E22D283029EB0072B2B1 /* Assets.xcassets */; };
		4349E231283029EB0072B2B1 /* Preview Assets.xcassets in Resources */ = {isa = PBXBuildFile; fileRef = 4349E230283029EB0072B2B1 /* Preview Assets.xcassets */; };
		4349E23B283029EB0072B2B1 /* HackHillsEmTests.swift in Sources */ = {isa = PBXBuildFile; fileRef = 4349E23A283029EB0072B2B1 /* HackHillsEmTests.swift */; };
		4349E245283029EB0072B2B1 /* HackHillsEmUITests.swift in Sources */ = {isa = PBXBuildFile; fileRef = 4349E244283029EB0072B2B1 /* HackHillsEmUITests.swift */; };
		4349E247283029EB0072B2B1 /* HackHillsEmUITestsLaunchTests.swift in Sources */ = {isa = PBXBuildFile; fileRef = 4349E246283029EB0072B2B1 /* HackHillsEmUITestsLaunchTests.swift */; };
/* End PBXBuildFile section */

/* Begin PBXContainerItemProxy section */
		4349E237283029EB0072B2B1 /* PBXContainerItemProxy */ = {
			isa = PBXContainerItemProxy;
			containerPortal = 4349E21E283029EA0072B2B1 /* Project object */;
			proxyType = 1;
			remoteGlobalIDString = 4349E225283029EB0072B2B1;
			remoteInfo = HackHillsEm;
		};
		4349E241283029EB0072B2B1 /* PBXContainerItemProxy */ = {
			isa = PBXContainerItemProxy;
			containerPortal = 4349E21E283029EA0072B2B1 /* Project object */;
			proxyType = 1;
			remoteGlobalIDString = 4349E225283029EB0072B2B1;
			remoteInfo = HackHillsEm;
		};
/* End PBXContainerItemProxy section */

/* Begin PBXFileReference section */
		4349E226283029EB0072B2B1 /* HackHillsEm.app */ = {isa = PBXFileReference; explicitFileType = wrapper.application; includeInIndex = 0; path = HackHillsEm.app; sourceTree = BUILT_PRODUCTS_DIR; };
		4349E229283029EB0072B2B1 /* HackHillsEmApp.swift */ = {isa = PBXFileReference; lastKnownFileType = sourcecode.swift; path = HackHillsEmApp.swift; sourceTree = "<group>"; };
		4349E22B283029EB0072B2B1 /* ContentView.swift */ = {isa = PBXFileReference; lastKnownFileType = sourcecode.swift; path = ContentView.swift; sourceTree = "<group>"; };
		4349E22D283029EB0072B2B1 /* Assets.xcassets */ = {isa = PBXFileReference; lastKnownFileType = folder.assetcatalog; path = Assets.xcassets; sourceTree = "<group>"; };
		4349E230283029EB0072B2B1 /* Preview Assets.xcassets */ = {isa = PBXFileReference; lastKnownFileType = folder.assetcatalog; path = "Preview Assets.xcassets"; sourceTree = "<group>"; };
		4349E236283029EB0072B2B1 /* HackHillsEmTests.xctest */ = {isa = PBXFileReference; explicitFileType = wrapper.cfbundle; includeInIndex = 0; path = HackHillsEmTests.xctest; sourceTree = BUILT_PRODUCTS_DIR; };
		4349E23A283029EB0072B2B1 /* HackHillsEmTests.swift */ = {isa = PBXFileReference; lastKnownFileType = sourcecode.swift; path = HackHillsEmTests.swift; sourceTree = "<group>"; };
		4349E240283029EB0072B2B1 /* HackHillsEmUITests.xctest */ = {isa = PBXFileReference; explicitFileType = wrapper.cfbundle; includeInIndex = 0; path = HackHillsEmUITests.xctest; sourceTree = BUILT_PRODUCTS_DIR; };
		4349E244283029EB0072B2B1 /* HackHillsEmUITests.swift */ = {isa = PBXFileReference; lastKnownFileType = sourcecode.swift; path = HackHillsEmUITests.swift; sourceTree = "<group>"; };
		4349E246283029EB0072B2B1 /* HackHillsEmUITestsLaunchTests.swift */ = {isa = PBXFileReference; lastKnownFileType = sourcecode.swift; path = HackHillsEmUITestsLaunchTests.swift; sourceTree = "<group>"; };
/* End PBXFileReference section */

/* Begin PBXFrameworksBuildPhase section */
		4349E223283029EB0072B2B1 /* Frameworks */ = {
			isa = PBXFrameworksBuildPhase;
			buildActionMask = 2147483647;
			files = (
			);
			runOnlyForDeploymentPostprocessing = 0;
		};
		4349E233283029EB0072B2B1 /* Frameworks */ = {
			isa = PBXFrameworksBuildPhase;
			buildActionMask = 2147483647;
			files = (
			);
			runOnlyForDeploymentPostprocessing = 0;
		};
		4349E23D283029EB0072B2B1 /* Frameworks */ = {
			isa = PBXFrameworksBuildPhase;
			buildActionMask = 2147483647;
			files = (
			);
			runOnlyForDeploymentPostprocessing = 0;
		};
/* End PBXFrameworksBuildPhase section */

/* Begin PBXGroup section */
		4349E21D283029EA0072B2B1 = {
			isa = PBXGroup;
			children = (
				4349E228283029EB0072B2B1 /* HackHillsEm */,
				4349E239283029EB0072B2B1 /* HackHillsEmTests */,
				4349E243283029EB0072B2B1 /* HackHillsEmUITests */,
				4349E227283029EB0072B2B1 /* Products */,
			);
			sourceTree = "<group>";
		};
		4349E227283029EB0072B2B1 /* Products */ = {
			isa = PBXGroup;
			children = (
				4349E226283029EB0072B2B1 /* HackHillsEm.app */,
				4349E236283029EB0072B2B1 /* HackHillsEmTests.xctest */,
				4349E240283029EB0072B2B1 /* HackHillsEmUITests.xctest */,
			);
			name = Products;
			sourceTree = "<group>";
		};
		4349E228283029EB0072B2B1 /* HackHillsEm */ = {
			isa = PBXGroup;
			children = (
				4349E229283029EB0072B2B1 /* HackHillsEmApp.swift */,
				4349E22B283029EB0072B2B1 /* ContentView.swift */,
				4349E22D283029EB0072B2B1 /* Assets.xcassets */,
				4349E22F283029EB0072B2B1 /* Preview Content */,
			);
			path = HackHillsEm;
			sourceTree = "<group>";
		};
		4349E22F283029EB0072B2B1 /* Preview Content */ = {
			isa = PBXGroup;
			children = (
				4349E230283029EB0072B2B1 /* Preview Assets.xcassets */,
			);
			path = "Preview Content";
			sourceTree = "<group>";
		};
		4349E239283029EB0072B2B1 /* HackHillsEmTests */ = {
			isa = PBXGroup;
			children = (
				4349E23A283029EB0072B2B1 /* HackHillsEmTests.swift */,
			);
			path = HackHillsEmTests;
			sourceTree = "<group>";
		};
		4349E243283029EB0072B2B1 /* HackHillsEmUITests */ = {
			isa = PBXGroup;
			children = (
				4349E244283029EB0072B2B1 /* HackHillsEmUITests.swift */,
				4349E246283029EB0072B2B1 /* HackHillsEmUITestsLaunchTests.swift */,
			);
			path = HackHillsEmUITests;
			sourceTree = "<group>";
		};
/* End PBXGroup section */

/* Begin PBXNativeTarget section */
		4349E225283029EB0072B2B1 /* HackHillsEm */ = {
			isa = PBXNativeTarget;
			buildConfigurationList = 4349E24A283029EB0072B2B1 /* Build configuration list for PBXNativeTarget "HackHillsEm" */;
			buildPhases = (
				4349E222283029EB0072B2B1 /* Sources */,
				4349E223283029EB0072B2B1 /* Frameworks */,
				4349E224283029EB0072B2B1 /* Resources */,
			);
			buildRules = (
			);
			dependencies = (
			);
			name = HackHillsEm;
			productName = HackHillsEm;
			productReference = 4349E226283029EB0072B2B1 /* HackHillsEm.app */;
			productType = "com.apple.product-type.application";
		};
		4349E235283029EB0072B2B1 /* HackHillsEmTests */ = {
			isa = PBXNativeTarget;
			buildConfigurationList = 4349E24D283029EB0072B2B1 /* Build configuration list for PBXNativeTarget "HackHillsEmTests" */;
			buildPhases = (
				4349E232283029EB0072B2B1 /* Sources */,
				4349E233283029EB0072B2B1 /* Frameworks */,
				4349E234283029EB0072B2B1 /* Resources */,
			);
			buildRules = (
			);
			dependencies = (
				4349E238283029EB0072B2B1 /* PBXTargetDependency */,
			);
			name = HackHillsEmTests;
			productName = HackHillsEmTests;
			productReference = 4349E236283029EB0072B2B1 /* HackHillsEmTests.xctest */;
			productType = "com.apple.product-type.bundle.unit-test";
		};
		4349E23F283029EB0072B2B1 /* HackHillsEmUITests */ = {
			isa = PBXNativeTarget;
			buildConfigurationList = 4349E250283029EB0072B2B1 /* Build configuration list for PBXNativeTarget "HackHillsEmUITests" */;
			buildPhases = (
				4349E23C283029EB0072B2B1 /* Sources */,
				4349E23D283029EB0072B2B1 /* Frameworks */,
				4349E23E283029EB0072B2B1 /* Resources */,
			);
			buildRules = (
			);
			dependencies = (
				4349E242283029EB0072B2B1 /* PBXTargetDependency */,
			);
			name = HackHillsEmUITests;
			productName = HackHillsEmUITests;
			productReference = 4349E240283029EB0072B2B1 /* HackHillsEmUITests.xctest */;
			productType = "com.apple.product-type.bundle.ui-testing";
		};
/* End PBXNativeTarget section */

/* Begin PBXProject section */
		4349E21E283029EA0072B2B1 /* Project object */ = {
			isa = PBXProject;
			attributes = {
				BuildIndependentTargetsInParallel = 1;
				LastSwiftUpdateCheck = 1340;
				LastUpgradeCheck = 1340;
				TargetAttributes = {
					4349E225283029EB0072B2B1 = {
						CreatedOnToolsVersion = 13.4;
					};
					4349E235283029EB0072B2B1 = {
						CreatedOnToolsVersion = 13.4;
						TestTargetID = 4349E225283029EB0072B2B1;
					};
					4349E23F283029EB0072B2B1 = {
						CreatedOnToolsVersion = 13.4;
						TestTargetID = 4349E225283029EB0072B2B1;
					};
				};
			};
			buildConfigurationList = 4349E221283029EA0072B2B1 /* Build configuration list for PBXProject "HackHillsEm" */;
			compatibilityVersion = "Xcode 13.0";
			developmentRegion = en;
			hasScannedForEncodings = 0;
			knownRegions = (
				en,
				Base,
			);
			mainGroup = 4349E21D283029EA0072B2B1;
			productRefGroup = 4349E227283029EB0072B2B1 /* Products */;
			projectDirPath = "";
			projectRoot = "";
			targets = (
				4349E225283029EB0072B2B1 /* HackHillsEm */,
				4349E235283029EB0072B2B1 /* HackHillsEmTests */,
				4349E23F283029EB0072B2B1 /* HackHillsEmUITests */,
			);
		};
/* End PBXProject section */

/* Begin PBXResourcesBuildPhase section */
		4349E224283029EB0072B2B1 /* Resources */ = {
			isa = PBXResourcesBuildPhase;
			buildActionMask = 2147483647;
			files = (
				4349E231283029EB0072B2B1 /* Preview Assets.xcassets in Resources */,
				4349E22E283029EB0072B2B1 /* Assets.xcassets in Resources */,
			);
			runOnlyForDeploymentPostprocessing = 0;
		};
		4349E234283029EB0072B2B1 /* Resources */ = {
			isa = PBXResourcesBuildPhase;
			buildActionMask = 2147483647;
			files = (
			);
			runOnlyForDeploymentPostprocessing = 0;
		};
		4349E23E283029EB0072B2B1 /* Resources */ = {
			isa = PBXResourcesBuildPhase;
			buildActionMask = 2147483647;
			files = (
			);
			runOnlyForDeploymentPostprocessing = 0;
		};
/* End PBXResourcesBuildPhase section */

/* Begin PBXSourcesBuildPhase section */
		4349E222283029EB0072B2B1 /* Sources */ = {
			isa = PBXSourcesBuildPhase;
			buildActionMask = 2147483647;
			files = (
				4349E22C283029EB0072B2B1 /* ContentView.swift in Sources */,
				4349E22A283029EB0072B2B1 /* HackHillsEmApp.swift in Sources */,
			);
			runOnlyForDeploymentPostprocessing = 0;
		};
		4349E232283029EB0072B2B1 /* Sources */ = {
			isa = PBXSourcesBuildPhase;
			buildActionMask = 2147483647;
			files = (
				4349E23B283029EB0072B2B1 /* HackHillsEmTests.swift in Sources */,
			);
			runOnlyForDeploymentPostprocessing = 0;
		};
		4349E23C283029EB0072B2B1 /* Sources */ = {
			isa = PBXSourcesBuildPhase;
			buildActionMask = 2147483647;
			files = (
				4349E247283029EB0072B2B1 /* HackHillsEmUITestsLaunchTests.swift in Sources */,
				4349E245283029EB0072B2B1 /* HackHillsEmUITests.swift in Sources */,
			);
			runOnlyForDeploymentPostprocessing = 0;
		};
/* End PBXSourcesBuildPhase section */

/* Begin PBXTargetDependency section */
		4349E238283029EB0072B2B1 /* PBXTargetDependency */ = {
			isa = PBXTargetDependency;
			target = 4349E225283029EB0072B2B1 /* HackHillsEm */;
			targetProxy = 4349E237283029EB0072B2B1 /* PBXContainerItemProxy */;
		};
		4349E242283029EB0072B2B1 /* PBXTargetDependency */ = {
			isa = PBXTargetDependency;
			target = 4349E225283029EB0072B2B1 /* HackHillsEm */;
			targetProxy = 4349E241283029EB0072B2B1 /* PBXContainerItemProxy */;
		};
/* End PBXTargetDependency section */

/* Begin XCBuildConfiguration section */
		4349E248283029EB0072B2B1 /* Debug */ = {
			isa = XCBuildConfiguration;
			buildSettings = {
				ALWAYS_SEARCH_USER_PATHS = NO;
				CLANG_ANALYZER_NONNULL = YES;
				CLANG_ANALYZER_NUMBER_OBJECT_CONVERSION = YES_AGGRESSIVE;
				CLANG_CXX_LANGUAGE_STANDARD = "gnu++17";
				CLANG_ENABLE_MODULES = YES;
				CLANG_ENABLE_OBJC_ARC = YES;
				CLANG_ENABLE_OBJC_WEAK = YES;
				CLANG_WARN_BLOCK_CAPTURE_AUTORELEASING = YES;
				CLANG_WARN_BOOL_CONVERSION = YES;
				CLANG_WARN_COMMA = YES;
				CLANG_WARN_CONSTANT_CONVERSION = YES;
				CLANG_WARN_DEPRECATED_OBJC_IMPLEMENTATIONS = YES;
				CLANG_WARN_DIRECT_OBJC_ISA_USAGE = YES_ERROR;
				CLANG_WARN_DOCUMENTATION_COMMENTS = YES;
				CLANG_WARN_EMPTY_BODY = YES;
				CLANG_WARN_ENUM_CONVERSION = YES;
				CLANG_WARN_INFINITE_RECURSION = YES;
				CLANG_WARN_INT_CONVERSION = YES;
				CLANG_WARN_NON_LITERAL_NULL_CONVERSION = YES;
				CLANG_WARN_OBJC_IMPLICIT_RETAIN_SELF = YES;
				CLANG_WARN_OBJC_LITERAL_CONVERSION = YES;
				CLANG_WARN_OBJC_ROOT_CLASS = YES_ERROR;
				CLANG_WARN_QUOTED_INCLUDE_IN_FRAMEWORK_HEADER = YES;
				CLANG_WARN_RANGE_LOOP_ANALYSIS = YES;
				CLANG_WARN_STRICT_PROTOTYPES = YES;
				CLANG_WARN_SUSPICIOUS_MOVE = YES;
				CLANG_WARN_UNGUARDED_AVAILABILITY = YES_AGGRESSIVE;
				CLANG_WARN_UNREACHABLE_CODE = YES;
				CLANG_WARN__DUPLICATE_METHOD_MATCH = YES;
				COPY_PHASE_STRIP = NO;
				DEBUG_INFORMATION_FORMAT = dwarf;
				ENABLE_STRICT_OBJC_MSGSEND = YES;
				ENABLE_TESTABILITY = YES;
				GCC_C_LANGUAGE_STANDARD = gnu11;
				GCC_DYNAMIC_NO_PIC = NO;
				GCC_NO_COMMON_BLOCKS = YES;
				GCC_OPTIMIZATION_LEVEL = 0;
				GCC_PREPROCESSOR_DEFINITIONS = (
					"DEBUG=1",
					"$(inherited)",
				);
				GCC_WARN_64_TO_32_BIT_CONVERSION = YES;
				GCC_WARN_ABOUT_RETURN_TYPE = YES_ERROR;
				GCC_WARN_UNDECLARED_SELECTOR = YES;
				GCC_WARN_UNINITIALIZED_AUTOS = YES_AGGRESSIVE;
				GCC_WARN_UNUSED_FUNCTION = YES;
				GCC_WARN_UNUSED_VARIABLE = YES;
				IPHONEOS_DEPLOYMENT_TARGET = 15.5;
				MTL_ENABLE_DEBUG_INFO = INCLUDE_SOURCE;
				MTL_FAST_MATH = YES;
				ONLY_ACTIVE_ARCH = YES;
				SDKROOT = iphoneos;
				SWIFT_ACTIVE_COMPILATION_CONDITIONS = DEBUG;
				SWIFT_OPTIMIZATION_LEVEL = "-Onone";
			};
			name = Debug;
		};
		4349E249283029EB0072B2B1 /* Release */ = {
			isa = XCBuildConfiguration;
			buildSettings = {
				ALWAYS_SEARCH_USER_PATHS = NO;
				CLANG_ANALYZER_NONNULL = YES;
				CLANG_ANALYZER_NUMBER_OBJECT_CONVERSION = YES_AGGRESSIVE;
				CLANG_CXX_LANGUAGE_STANDARD = "gnu++17";
				CLANG_ENABLE_MODULES = YES;
				CLANG_ENABLE_OBJC_ARC = YES;
				CLANG_ENABLE_OBJC_WEAK = YES;
				CLANG_WARN_BLOCK_CAPTURE_AUTORELEASING = YES;
				CLANG_WARN_BOOL_CONVERSION = YES;
				CLANG_WARN_COMMA = YES;
				CLANG_WARN_CONSTANT_CONVERSION = YES;
				CLANG_WARN_DEPRECATED_OBJC_IMPLEMENTATIONS = YES;
				CLANG_WARN_DIRECT_OBJC_ISA_USAGE = YES_ERROR;
				CLANG_WARN_DOCUMENTATION_COMMENTS = YES;
				CLANG_WARN_EMPTY_BODY = YES;
				CLANG_WARN_ENUM_CONVERSION = YES;
				CLANG_WARN_INFINITE_RECURSION = YES;
				CLANG_WARN_INT_CONVERSION = YES;
				CLANG_WARN_NON_LITERAL_NULL_CONVERSION = YES;
				CLANG_WARN_OBJC_IMPLICIT_RETAIN_SELF = YES;
				CLANG_WARN_OBJC_LITERAL_CONVERSION = YES;
				CLANG_WARN_OBJC_ROOT_CLASS = YES_ERROR;
				CLANG_WARN_QUOTED_INCLUDE_IN_FRAMEWORK_HEADER = YES;
				CLANG_WARN_RANGE_LOOP_ANALYSIS = YES;
				CLANG_WARN_STRICT_PROTOTYPES = YES;
				CLANG_WARN_SUSPICIOUS_MOVE = YES;
				CLANG_WARN_UNGUARDED_AVAILABILITY = YES_AGGRESSIVE;
				CLANG_WARN_UNREACHABLE_CODE = YES;
				CLANG_WARN__DUPLICATE_METHOD_MATCH = YES;
				COPY_PHASE_STRIP = NO;
				DEBUG_INFORMATION_FORMAT = "dwarf-with-dsym";
				ENABLE_NS_ASSERTIONS = NO;
				ENABLE_STRICT_OBJC_MSGSEND = YES;
				GCC_C_LANGUAGE_STANDARD = gnu11;
				GCC_NO_COMMON_BLOCKS = YES;
				GCC_WARN_64_TO_32_BIT_CONVERSION = YES;
				GCC_WARN_ABOUT_RETURN_TYPE = YES_ERROR;
				GCC_WARN_UNDECLARED_SELECTOR = YES;
				GCC_WARN_UNINITIALIZED_AUTOS = YES_AGGRESSIVE;
				GCC_WARN_UNUSED_FUNCTION = YES;
				GCC_WARN_UNUSED_VARIABLE = YES;
				IPHONEOS_DEPLOYMENT_TARGET = 15.5;
				MTL_ENABLE_DEBUG_INFO = NO;
				MTL_FAST_MATH = YES;
				SDKROOT = iphoneos;
				SWIFT_COMPILATION_MODE = wholemodule;
				SWIFT_OPTIMIZATION_LEVEL = "-O";
				VALIDATE_PRODUCT = YES;
			};
			name = Release;
		};
		4349E24B283029EB0072B2B1 /* Debug */ = {
			isa = XCBuildConfiguration;
			buildSettings = {
				ASSETCATALOG_COMPILER_APPICON_NAME = AppIcon;
				ASSETCATALOG_COMPILER_GLOBAL_ACCENT_COLOR_NAME = AccentColor;
				CODE_SIGN_STYLE = Automatic;
				CURRENT_PROJECT_VERSION = 1;
				DEVELOPMENT_ASSET_PATHS = "\"HackHillsEm/Preview Content\"";
				DEVELOPMENT_TEAM = 74ZKVDVJ3B;
				ENABLE_PREVIEWS = YES;
				GENERATE_INFOPLIST_FILE = YES;
				INFOPLIST_KEY_UIApplicationSceneManifest_Generation = YES;
				INFOPLIST_KEY_UIApplicationSupportsIndirectInputEvents = YES;
				INFOPLIST_KEY_UILaunchScreen_Generation = YES;
				INFOPLIST_KEY_UISupportedInterfaceOrientations_iPad = "UIInterfaceOrientationPortrait UIInterfaceOrientationPortraitUpsideDown UIInterfaceOrientationLandscapeLeft UIInterfaceOrientationLandscapeRight";
				INFOPLIST_KEY_UISupportedInterfaceOrientations_iPhone = "UIInterfaceOrientationPortrait UIInterfaceOrientationLandscapeLeft UIInterfaceOrientationLandscapeRight";
				LD_RUNPATH_SEARCH_PATHS = (
					"$(inherited)",
					"@executable_path/Frameworks",
				);
				MARKETING_VERSION = 1.0;
				PRODUCT_BUNDLE_IDENTIFIER = com.EkamGhai.HackHillsEm;
				PRODUCT_NAME = "$(TARGET_NAME)";
				SWIFT_EMIT_LOC_STRINGS = YES;
				SWIFT_VERSION = 5.0;
				TARGETED_DEVICE_FAMILY = "1,2";
			};
			name = Debug;
		};
		4349E24C283029EB0072B2B1 /* Release */ = {
			isa = XCBuildConfiguration;
			buildSettings = {
				ASSETCATALOG_COMPILER_APPICON_NAME = AppIcon;
				ASSETCATALOG_COMPILER_GLOBAL_ACCENT_COLOR_NAME = AccentColor;
				CODE_SIGN_STYLE = Automatic;
				CURRENT_PROJECT_VERSION = 1;
				DEVELOPMENT_ASSET_PATHS = "\"HackHillsEm/Preview Content\"";
				DEVELOPMENT_TEAM = 74ZKVDVJ3B;
				ENABLE_PREVIEWS = YES;
				GENERATE_INFOPLIST_FILE = YES;
				INFOPLIST_KEY_UIApplicationSceneManifest_Generation = YES;
				INFOPLIST_KEY_UIApplicationSupportsIndirectInputEvents = YES;
				INFOPLIST_KEY_UILaunchScreen_Generation = YES;
				INFOPLIST_KEY_UISupportedInterfaceOrientations_iPad = "UIInterfaceOrientationPortrait UIInterfaceOrientationPortraitUpsideDown UIInterfaceOrientationLandscapeLeft UIInterfaceOrientationLandscapeRight";
				INFOPLIST_KEY_UISupportedInterfaceOrientations_iPhone = "UIInterfaceOrientationPortrait UIInterfaceOrientationLandscapeLeft UIInterfaceOrientationLandscapeRight";
				LD_RUNPATH_SEARCH_PATHS = (
					"$(inherited)",
					"@executable_path/Frameworks",
				);
				MARKETING_VERSION = 1.0;
				PRODUCT_BUNDLE_IDENTIFIER = com.EkamGhai.HackHillsEm;
				PRODUCT_NAME = "$(TARGET_NAME)";
				SWIFT_EMIT_LOC_STRINGS = YES;
				SWIFT_VERSION = 5.0;
				TARGETED_DEVICE_FAMILY = "1,2";
			};
			name = Release;
		};
		4349E24E283029EB0072B2B1 /* Debug */ = {
			isa = XCBuildConfiguration;
			buildSettings = {
				ALWAYS_EMBED_SWIFT_STANDARD_LIBRARIES = YES;
				BUNDLE_LOADER = "$(TEST_HOST)";
				CODE_SIGN_STYLE = Automatic;
				CURRENT_PROJECT_VERSION = 1;
				DEVELOPMENT_TEAM = 74ZKVDVJ3B;
				GENERATE_INFOPLIST_FILE = YES;
				IPHONEOS_DEPLOYMENT_TARGET = 15.5;
				MARKETING_VERSION = 1.0;
				PRODUCT_BUNDLE_IDENTIFIER = com.EkamGhai.HackHillsEmTests;
				PRODUCT_NAME = "$(TARGET_NAME)";
				SWIFT_EMIT_LOC_STRINGS = NO;
				SWIFT_VERSION = 5.0;
				TARGETED_DEVICE_FAMILY = "1,2";
				TEST_HOST = "$(BUILT_PRODUCTS_DIR)/HackHillsEm.app/HackHillsEm";
			};
			name = Debug;
		};
		4349E24F283029EB0072B2B1 /* Release */ = {
			isa = XCBuildConfiguration;
			buildSettings = {
				ALWAYS_EMBED_SWIFT_STANDARD_LIBRARIES = YES;
				BUNDLE_LOADER = "$(TEST_HOST)";
				CODE_SIGN_STYLE = Automatic;
				CURRENT_PROJECT_VERSION = 1;
				DEVELOPMENT_TEAM = 74ZKVDVJ3B;
				GENERATE_INFOPLIST_FILE = YES;
				IPHONEOS_DEPLOYMENT_TARGET = 15.5;
				MARKETING_VERSION = 1.0;
				PRODUCT_BUNDLE_IDENTIFIER = com.EkamGhai.HackHillsEmTests;
				PRODUCT_NAME = "$(TARGET_NAME)";
				SWIFT_EMIT_LOC_STRINGS = NO;
				SWIFT_VERSION = 5.0;
				TARGETED_DEVICE_FAMILY = "1,2";
				TEST_HOST = "$(BUILT_PRODUCTS_DIR)/HackHillsEm.app/HackHillsEm";
			};
			name = Release;
		};
		4349E251283029EB0072B2B1 /* Debug */ = {
			isa = XCBuildConfiguration;
			buildSettings = {
				ALWAYS_EMBED_SWIFT_STANDARD_LIBRARIES = YES;
				CODE_SIGN_STYLE = Automatic;
				CURRENT_PROJECT_VERSION = 1;
				DEVELOPMENT_TEAM = 74ZKVDVJ3B;
				GENERATE_INFOPLIST_FILE = YES;
				MARKETING_VERSION = 1.0;
				PRODUCT_BUNDLE_IDENTIFIER = com.EkamGhai.HackHillsEmUITests;
				PRODUCT_NAME = "$(TARGET_NAME)";
				SWIFT_EMIT_LOC_STRINGS = NO;
				SWIFT_VERSION = 5.0;
				TARGETED_DEVICE_FAMILY = "1,2";
				TEST_TARGET_NAME = HackHillsEm;
			};
			name = Debug;
		};
		4349E252283029EB0072B2B1 /* Release */ = {
			isa = XCBuildConfiguration;
			buildSettings = {
				ALWAYS_EMBED_SWIFT_STANDARD_LIBRARIES = YES;
				CODE_SIGN_STYLE = Automatic;
				CURRENT_PROJECT_VERSION = 1;
				DEVELOPMENT_TEAM = 74ZKVDVJ3B;
				GENERATE_INFOPLIST_FILE = YES;
				MARKETING_VERSION = 1.0;
				PRODUCT_BUNDLE_IDENTIFIER = com.EkamGhai.HackHillsEmUITests;
				PRODUCT_NAME = "$(TARGET_NAME)";
				SWIFT_EMIT_LOC_STRINGS = NO;
				SWIFT_VERSION = 5.0;
				TARGETED_DEVICE_FAMILY = "1,2";
				TEST_TARGET_NAME = HackHillsEm;
			};
			name = Release;
		};
/* End XCBuildConfiguration section */

/* Begin XCConfigurationList section */
		4349E221283029EA0072B2B1 /* Build configuration list for PBXProject "HackHillsEm" */ = {
			isa = XCConfigurationList;
			buildConfigurations = (
				4349E248283029EB0072B2B1 /* Debug */,
				4349E249283029EB0072B2B1 /* Release */,
			);
			defaultConfigurationIsVisible = 0;
			defaultConfigurationName = Release;
		};
		4349E24A283029EB0072B2B1 /* Build configuration list for PBXNativeTarget "HackHillsEm" */ = {
			isa = XCConfigurationList;
			buildConfigurations = (
				4349E24B283029EB0072B2B1 /* Debug */,
				4349E24C283029EB0072B2B1 /* Release */,
			);
			defaultConfigurationIsVisible = 0;
			defaultConfigurationName = Release;
		};
		4349E24D283029EB0072B2B1 /* Build configuration list for PBXNativeTarget "HackHillsEmTests" */ = {
			isa = XCConfigurationList;
			buildConfigurations = (
				4349E24E283029EB0072B2B1 /* Debug */,
				4349E24F283029EB0072B2B1 /* Release */,
			);
			defaultConfigurationIsVisible = 0;
			defaultConfigurationName = Release;
		};
		4349E250283029EB0072B2B1 /* Build configuration list for PBXNativeTarget "HackHillsEmUITests" */ = {
			isa = XCConfigurationList;
			buildConfigurations = (
				4349E251283029EB0072B2B1 /* Debug */,
				4349E252283029EB0072B2B1 /* Release */,
			);
			defaultConfigurationIsVisible = 0;
			defaultConfigurationName = Release;
		};
/* End XCConfigurationList section */
	};
	rootObject = 4349E21E283029EA0072B2B1 /* Project object */;
}
